
Microsoft Visual Studio Solution File, Format Version 12.00
# Visual Studio Version 16
VisualStudioVersion = 16.0.29806.167
MinimumVisualStudioVersion = 10.0.40219.1
Project("{FAE04EC0-301F-11D3-BF4B-00C04F79EFBC}") = "UnitTest", "UnitTest.csproj", "{80BC1A31-D413-455F-9100-5BA6503E0D4D}"
EndProject
Project("{FAE04EC0-301F-11D3-BF4B-00C04F79EFBC}") = "BasicTest", "..\BasicTest\BasicTest.csproj", "{BD36DEB0-A8D1-423B-BCF9-9F57EE69E5B4}"
EndProject
Global
	GlobalSection(SolutionConfigurationPlatforms) = preSolution
		Debug|Any CPU = Debug|Any CPU
		Release|Any CPU = Release|Any CPU
	EndGlobalSection
	GlobalSection(ProjectConfigurationPlatforms) = postSolution
		{80BC1A31-D413-455F-9100-5BA6503E0D4D}.Debug|Any CPU.ActiveCfg = Debug|Any CPU
		{80BC1A31-D413-455F-9100-5BA6503E0D4D}.Debug|Any CPU.Build.0 = Debug|Any CPU
		{80BC1A31-D413-455F-9100-5BA6503E0D4D}.Release|Any CPU.ActiveCfg = Release|Any CPU
		{80BC1A31-D413-455F-9100-5BA6503E0D4D}.Release|Any CPU.Build.0 = Release|Any CPU
		{BD36DEB0-A8D1-423B-BCF9-9F57EE69E5B4}.Debug|Any CPU.ActiveCfg = Debug|Any CPU
		{BD36DEB0-A8D1-423B-BCF9-9F57EE69E5B4}.Debug|Any CPU.Build.0 = Debug|Any CPU
		{BD36DEB0-A8D1-423B-BCF9-9F57EE69E5B4}.Release|Any CPU.ActiveCfg = Release|Any CPU
		{BD36DEB0-A8D1-423B-BCF9-9F57EE69E5B4}.Release|Any CPU.Build.0 = Release|Any CPU
	EndGlobalSection
	GlobalSection(SolutionProperties) = preSolution
		HideSolutionNode = FALSE
	EndGlobalSection
	GlobalSection(ExtensibilityGlobals) = postSolution
		SolutionGuid = {72AADFA9-7F2E-48F7-9855-3C87F7C9F88A}
	EndGlobalSection
EndGlobal
