
Microsoft Visual Studio Solution File, Format Version 12.00
# Visual Studio Version 16
VisualStudioVersion = 16.0.29806.167
MinimumVisualStudioVersion = 10.0.40219.1
Project("{FAE04EC0-301F-11D3-BF4B-00C04F79EFBC}") = "ClassLibrary7", "ClassLibrary7\ClassLibrary7.csproj", "{E572D920-B154-4EF5-A8A1-81D1C4DCC5C9}"
EndProject
Global
	GlobalSection(SolutionConfigurationPlatforms) = preSolution
		Debug|Any CPU = Debug|Any CPU
		Release|Any CPU = Release|Any CPU
	EndGlobalSection
	GlobalSection(ProjectConfigurationPlatforms) = postSolution
		{E572D920-B154-4EF5-A8A1-81D1C4DCC5C9}.Debug|Any CPU.ActiveCfg = Debug|Any CPU
		{E572D920-B154-4EF5-A8A1-81D1C4DCC5C9}.Debug|Any CPU.Build.0 = Debug|Any CPU
		{E572D920-B154-4EF5-A8A1-81D1C4DCC5C9}.Release|Any CPU.ActiveCfg = Release|Any CPU
		{E572D920-B154-4EF5-A8A1-81D1C4DCC5C9}.Release|Any CPU.Build.0 = Release|Any CPU
	EndGlobalSection
	GlobalSection(SolutionProperties) = preSolution
		HideSolutionNode = FALSE
	EndGlobalSection
	GlobalSection(ExtensibilityGlobals) = postSolution
		SolutionGuid = {3DA7CB29-4449-4D2A-8355-B43CF692DCA2}
	EndGlobalSection
EndGlobal
