
Microsoft Visual Studio Solution File, Format Version 12.00
# Visual Studio Version 17
VisualStudioVersion = 17.4.33213.308
MinimumVisualStudioVersion = 10.0.40219.1
Project("{FAE04EC0-301F-11D3-BF4B-00C04F79EFBC}") = "VS2022View", "VS2022View\VS2022View.csproj", "{07F82DF3-B70E-467D-A6EA-5364C843BE8F}"
EndProject
Global
	GlobalSection(SolutionConfigurationPlatforms) = preSolution
		Debug|Any CPU = Debug|Any CPU
		Release|Any CPU = Release|Any CPU
	EndGlobalSection
	GlobalSection(ProjectConfigurationPlatforms) = postSolution
		{07F82DF3-B70E-467D-A6EA-5364C843BE8F}.Debug|Any CPU.ActiveCfg = Debug|Any CPU
		{07F82DF3-B70E-467D-A6EA-5364C843BE8F}.Debug|Any CPU.Build.0 = Debug|Any CPU
		{07F82DF3-B70E-467D-A6EA-5364C843BE8F}.Release|Any CPU.ActiveCfg = Release|Any CPU
		{07F82DF3-B70E-467D-A6EA-5364C843BE8F}.Release|Any CPU.Build.0 = Release|Any CPU
	EndGlobalSection
	GlobalSection(SolutionProperties) = preSolution
		HideSolutionNode = FALSE
	EndGlobalSection
	GlobalSection(ExtensibilityGlobals) = postSolution
		SolutionGuid = {AE9C718D-8F94-4A30-822A-2CCACED6244F}
	EndGlobalSection
EndGlobal
